// !$*UTF8*$!
{
	archiveVersion = 1;
	classes = {
	};
	objectVersion = 56;
	objects = {

/* Begin PBXBuildFile section */
		31368A052CA06259007DEDDC /* DetailsPresenter.swift in Sources */ = {isa = PBXBuildFile; fileRef = 31368A042CA06259007DEDDC /* DetailsPresenter.swift */; };
		31368A072CA06264007DEDDC /* DetailsViewController.swift in Sources */ = {isa = PBXBuildFile; fileRef = 31368A062CA06264007DEDDC /* DetailsViewController.swift */; };
		313B51C42CA03A3E00765A24 /* AppDelegate.swift in Sources */ = {isa = PBXBuildFile; fileRef = 313B51C32CA03A3E00765A24 /* AppDelegate.swift */; };
		313B51C62CA03A3E00765A24 /* SceneDelegate.swift in Sources */ = {isa = PBXBuildFile; fileRef = 313B51C52CA03A3E00765A24 /* SceneDelegate.swift */; };
		313B51CD2CA03A4000765A24 /* Assets.xcassets in Resources */ = {isa = PBXBuildFile; fileRef = 313B51CC2CA03A4000765A24 /* Assets.xcassets */; };
		313B51D02CA03A4000765A24 /* LaunchScreen.storyboard in Resources */ = {isa = PBXBuildFile; fileRef = 313B51CE2CA03A4000765A24 /* LaunchScreen.storyboard */; };
		314634812CA044E700AA9A80 /* CardLandingViewController.swift in Sources */ = {isa = PBXBuildFile; fileRef = 314634802CA044E700AA9A80 /* CardLandingViewController.swift */; };
		314634832CA044F200AA9A80 /* CardLandingPresenter.swift in Sources */ = {isa = PBXBuildFile; fileRef = 314634822CA044F200AA9A80 /* CardLandingPresenter.swift */; };
		31520F882CA1FE0B008E50E3 /* BaseViewController.swift in Sources */ = {isa = PBXBuildFile; fileRef = 31520F872CA1FE0B008E50E3 /* BaseViewController.swift */; };
		31520F8B2CA2152E008E50E3 /* LoadingView.swift in Sources */ = {isa = PBXBuildFile; fileRef = 31520F8A2CA2152E008E50E3 /* LoadingView.swift */; };
		31520F8D2CA21A5E008E50E3 /* ErrorView.swift in Sources */ = {isa = PBXBuildFile; fileRef = 31520F8C2CA21A5E008E50E3 /* ErrorView.swift */; };
		31B636D32CA06BC1004A760B /* TabController.swift in Sources */ = {isa = PBXBuildFile; fileRef = 31B636D22CA06BC1004A760B /* TabController.swift */; };
		31CBF6A22CA0826C00376D36 /* StatementsViewController.swift in Sources */ = {isa = PBXBuildFile; fileRef = 31CBF6A12CA0826C00376D36 /* StatementsViewController.swift */; };
		31CBF6A52CA0828400376D36 /* MoreViewController.swift in Sources */ = {isa = PBXBuildFile; fileRef = 31CBF6A42CA0828400376D36 /* MoreViewController.swift */; };
		31CBF6D02CA0912900376D36 /* CardModel.swift in Sources */ = {isa = PBXBuildFile; fileRef = 31CBF6CF2CA0912900376D36 /* CardModel.swift */; };
		31CBF6D22CA0CCC300376D36 /* CardInteractor.swift in Sources */ = {isa = PBXBuildFile; fileRef = 31CBF6D12CA0CCC300376D36 /* CardInteractor.swift */; };
		31DA9CFA2CA3658600B81139 /* BorderedButton.swift in Sources */ = {isa = PBXBuildFile; fileRef = 31DA9CF92CA3658600B81139 /* BorderedButton.swift */; };
		31DA9CFD2CA368C500B81139 /* CardView.swift in Sources */ = {isa = PBXBuildFile; fileRef = 31DA9CFC2CA368C500B81139 /* CardView.swift */; };
		31EB14182CA4BA14006DCD86 /* CardDataTableViewCell.swift in Sources */ = {isa = PBXBuildFile; fileRef = 31EB14172CA4BA14006DCD86 /* CardDataTableViewCell.swift */; };
		99409818EF505CA83E873A07 /* Pods_Cards.framework in Frameworks */ = {isa = PBXBuildFile; fileRef = BFDDD59A803779FBDC39009F /* Pods_Cards.framework */; };
/* End PBXBuildFile section */

/* Begin PBXFileReference section */
		2795CF5A5C99F4F6053D47CD /* Pods-Cards.release.xcconfig */ = {isa = PBXFileReference; includeInIndex = 1; lastKnownFileType = text.xcconfig; name = "Pods-Cards.release.xcconfig"; path = "Target Support Files/Pods-Cards/Pods-Cards.release.xcconfig"; sourceTree = "<group>"; };
		31368A042CA06259007DEDDC /* DetailsPresenter.swift */ = {isa = PBXFileReference; lastKnownFileType = sourcecode.swift; path = DetailsPresenter.swift; sourceTree = "<group>"; };
		31368A062CA06264007DEDDC /* DetailsViewController.swift */ = {isa = PBXFileReference; lastKnownFileType = sourcecode.swift; path = DetailsViewController.swift; sourceTree = "<group>"; };
		313B51C02CA03A3E00765A24 /* Cards.app */ = {isa = PBXFileReference; explicitFileType = wrapper.application; includeInIndex = 0; path = Cards.app; sourceTree = BUILT_PRODUCTS_DIR; };
		313B51C32CA03A3E00765A24 /* AppDelegate.swift */ = {isa = PBXFileReference; lastKnownFileType = sourcecode.swift; path = AppDelegate.swift; sourceTree = "<group>"; };
		313B51C52CA03A3E00765A24 /* SceneDelegate.swift */ = {isa = PBXFileReference; lastKnownFileType = sourcecode.swift; path = SceneDelegate.swift; sourceTree = "<group>"; };
		313B51CC2CA03A4000765A24 /* Assets.xcassets */ = {isa = PBXFileReference; lastKnownFileType = folder.assetcatalog; path = Assets.xcassets; sourceTree = "<group>"; };
		313B51CF2CA03A4000765A24 /* Base */ = {isa = PBXFileReference; lastKnownFileType = file.storyboard; name = Base; path = Base.lproj/LaunchScreen.storyboard; sourceTree = "<group>"; };
		313B51D12CA03A4000765A24 /* Info.plist */ = {isa = PBXFileReference; lastKnownFileType = text.plist.xml; path = Info.plist; sourceTree = "<group>"; };
		314634802CA044E700AA9A80 /* CardLandingViewController.swift */ = {isa = PBXFileReference; lastKnownFileType = sourcecode.swift; path = CardLandingViewController.swift; sourceTree = "<group>"; };
		314634822CA044F200AA9A80 /* CardLandingPresenter.swift */ = {isa = PBXFileReference; lastKnownFileType = sourcecode.swift; path = CardLandingPresenter.swift; sourceTree = "<group>"; };
		31520F872CA1FE0B008E50E3 /* BaseViewController.swift */ = {isa = PBXFileReference; lastKnownFileType = sourcecode.swift; path = BaseViewController.swift; sourceTree = "<group>"; };
		31520F8A2CA2152E008E50E3 /* LoadingView.swift */ = {isa = PBXFileReference; lastKnownFileType = sourcecode.swift; path = LoadingView.swift; sourceTree = "<group>"; };
		31520F8C2CA21A5E008E50E3 /* ErrorView.swift */ = {isa = PBXFileReference; lastKnownFileType = sourcecode.swift; path = ErrorView.swift; sourceTree = "<group>"; };
		31B636D22CA06BC1004A760B /* TabController.swift */ = {isa = PBXFileReference; lastKnownFileType = sourcecode.swift; path = TabController.swift; sourceTree = "<group>"; };
		31CBF6A12CA0826C00376D36 /* StatementsViewController.swift */ = {isa = PBXFileReference; lastKnownFileType = sourcecode.swift; path = StatementsViewController.swift; sourceTree = "<group>"; };
		31CBF6A42CA0828400376D36 /* MoreViewController.swift */ = {isa = PBXFileReference; lastKnownFileType = sourcecode.swift; path = MoreViewController.swift; sourceTree = "<group>"; };
		31CBF6CF2CA0912900376D36 /* CardModel.swift */ = {isa = PBXFileReference; lastKnownFileType = sourcecode.swift; path = CardModel.swift; sourceTree = "<group>"; };
		31CBF6D12CA0CCC300376D36 /* CardInteractor.swift */ = {isa = PBXFileReference; lastKnownFileType = sourcecode.swift; path = CardInteractor.swift; sourceTree = "<group>"; };
		31DA9CF92CA3658600B81139 /* BorderedButton.swift */ = {isa = PBXFileReference; lastKnownFileType = sourcecode.swift; path = BorderedButton.swift; sourceTree = "<group>"; };
		31DA9CFC2CA368C500B81139 /* CardView.swift */ = {isa = PBXFileReference; lastKnownFileType = sourcecode.swift; path = CardView.swift; sourceTree = "<group>"; };
		31EB14172CA4BA14006DCD86 /* CardDataTableViewCell.swift */ = {isa = PBXFileReference; lastKnownFileType = sourcecode.swift; path = CardDataTableViewCell.swift; sourceTree = "<group>"; };
		BFDDD59A803779FBDC39009F /* Pods_Cards.framework */ = {isa = PBXFileReference; explicitFileType = wrapper.framework; includeInIndex = 0; path = Pods_Cards.framework; sourceTree = BUILT_PRODUCTS_DIR; };
		E9D114B86928FE7DE78CE8AC /* Pods-Cards.debug.xcconfig */ = {isa = PBXFileReference; includeInIndex = 1; lastKnownFileType = text.xcconfig; name = "Pods-Cards.debug.xcconfig"; path = "Target Support Files/Pods-Cards/Pods-Cards.debug.xcconfig"; sourceTree = "<group>"; };
/* End PBXFileReference section */

/* Begin PBXFrameworksBuildPhase section */
		313B51BD2CA03A3E00765A24 /* Frameworks */ = {
			isa = PBXFrameworksBuildPhase;
			buildActionMask = 2147483647;
			files = (
				99409818EF505CA83E873A07 /* Pods_Cards.framework in Frameworks */,
			);
			runOnlyForDeploymentPostprocessing = 0;
		};
/* End PBXFrameworksBuildPhase section */

/* Begin PBXGroup section */
		31368A032CA0624A007DEDDC /* Details */ = {
			isa = PBXGroup;
			children = (
				31368A042CA06259007DEDDC /* DetailsPresenter.swift */,
				31368A062CA06264007DEDDC /* DetailsViewController.swift */,
			);
			path = Details;
			sourceTree = "<group>";
		};
		313B51B72CA03A3E00765A24 = {
			isa = PBXGroup;
			children = (
				313B51C22CA03A3E00765A24 /* Cards */,
				313B51C12CA03A3E00765A24 /* Products */,
				48ADFC6FC933FDC048069892 /* Pods */,
				485419583021C7DBAD9820D3 /* Frameworks */,
			);
			sourceTree = "<group>";
		};
		313B51C12CA03A3E00765A24 /* Products */ = {
			isa = PBXGroup;
			children = (
				313B51C02CA03A3E00765A24 /* Cards.app */,
			);
			name = Products;
			sourceTree = "<group>";
		};
		313B51C22CA03A3E00765A24 /* Cards */ = {
			isa = PBXGroup;
			children = (
				31520F892CA214DE008E50E3 /* Common */,
				31CBF6CC2CA0903C00376D36 /* Networking */,
				31CBF6A62CA08BD000376D36 /* Screens */,
				313B51C32CA03A3E00765A24 /* AppDelegate.swift */,
				313B51C52CA03A3E00765A24 /* SceneDelegate.swift */,
				313B51CC2CA03A4000765A24 /* Assets.xcassets */,
				313B51CE2CA03A4000765A24 /* LaunchScreen.storyboard */,
				313B51D12CA03A4000765A24 /* Info.plist */,
			);
			path = Cards;
			sourceTree = "<group>";
		};
		3146347F2CA044B200AA9A80 /* Landing */ = {
			isa = PBXGroup;
			children = (
				31DA9CFB2CA368AF00B81139 /* Card */,
				314634802CA044E700AA9A80 /* CardLandingViewController.swift */,
				314634822CA044F200AA9A80 /* CardLandingPresenter.swift */,
			);
			path = Landing;
			sourceTree = "<group>";
		};
		31520F892CA214DE008E50E3 /* Common */ = {
			isa = PBXGroup;
			children = (
				31DA9CF82CA3657300B81139 /* Buttons */,
				31520F872CA1FE0B008E50E3 /* BaseViewController.swift */,
				31520F8A2CA2152E008E50E3 /* LoadingView.swift */,
				31520F8C2CA21A5E008E50E3 /* ErrorView.swift */,
				31EB14172CA4BA14006DCD86 /* CardDataTableViewCell.swift */,
			);
			path = Common;
			sourceTree = "<group>";
		};
		31CBF6A02CA0821900376D36 /* Statements */ = {
			isa = PBXGroup;
			children = (
				31CBF6A12CA0826C00376D36 /* StatementsViewController.swift */,
			);
			path = Statements;
			sourceTree = "<group>";
		};
		31CBF6A32CA0827200376D36 /* More */ = {
			isa = PBXGroup;
			children = (
				31CBF6A42CA0828400376D36 /* MoreViewController.swift */,
			);
			path = More;
			sourceTree = "<group>";
		};
		31CBF6A62CA08BD000376D36 /* Screens */ = {
			isa = PBXGroup;
			children = (
				31B636D22CA06BC1004A760B /* TabController.swift */,
				3146347F2CA044B200AA9A80 /* Landing */,
				31368A032CA0624A007DEDDC /* Details */,
				31CBF6A02CA0821900376D36 /* Statements */,
				31CBF6A32CA0827200376D36 /* More */,
			);
			path = Screens;
			sourceTree = "<group>";
		};
		31CBF6CC2CA0903C00376D36 /* Networking */ = {
			isa = PBXGroup;
			children = (
				31CBF6CF2CA0912900376D36 /* CardModel.swift */,
				31CBF6D12CA0CCC300376D36 /* CardInteractor.swift */,
			);
			path = Networking;
			sourceTree = "<group>";
		};
		31DA9CF82CA3657300B81139 /* Buttons */ = {
			isa = PBXGroup;
			children = (
				31DA9CF92CA3658600B81139 /* BorderedButton.swift */,
			);
			path = Buttons;
			sourceTree = "<group>";
		};
		31DA9CFB2CA368AF00B81139 /* Card */ = {
			isa = PBXGroup;
			children = (
				31DA9CFC2CA368C500B81139 /* CardView.swift */,
			);
			path = Card;
			sourceTree = "<group>";
		};
		485419583021C7DBAD9820D3 /* Frameworks */ = {
			isa = PBXGroup;
			children = (
				BFDDD59A803779FBDC39009F /* Pods_Cards.framework */,
			);
			name = Frameworks;
			sourceTree = "<group>";
		};
		48ADFC6FC933FDC048069892 /* Pods */ = {
			isa = PBXGroup;
			children = (
				E9D114B86928FE7DE78CE8AC /* Pods-Cards.debug.xcconfig */,
				2795CF5A5C99F4F6053D47CD /* Pods-Cards.release.xcconfig */,
			);
			path = Pods;
			sourceTree = "<group>";
		};
/* End PBXGroup section */

/* Begin PBXNativeTarget section */
		313B51BF2CA03A3E00765A24 /* Cards */ = {
			isa = PBXNativeTarget;
			buildConfigurationList = 313B51D42CA03A4000765A24 /* Build configuration list for PBXNativeTarget "Cards" */;
			buildPhases = (
				84F02616E0998DDAD11EDBB9 /* [CP] Check Pods Manifest.lock */,
				313B51BC2CA03A3E00765A24 /* Sources */,
				313B51BD2CA03A3E00765A24 /* Frameworks */,
				313B51BE2CA03A3E00765A24 /* Resources */,
				43BD0B56CCC4153C132E9039 /* [CP] Embed Pods Frameworks */,
			);
			buildRules = (
			);
			dependencies = (
			);
			name = Cards;
			productName = Cards;
			productReference = 313B51C02CA03A3E00765A24 /* Cards.app */;
			productType = "com.apple.product-type.application";
		};
/* End PBXNativeTarget section */

/* Begin PBXProject section */
		313B51B82CA03A3E00765A24 /* Project object */ = {
			isa = PBXProject;
			attributes = {
				BuildIndependentTargetsInParallel = 1;
				LastSwiftUpdateCheck = 1500;
				LastUpgradeCheck = 1500;
				TargetAttributes = {
					313B51BF2CA03A3E00765A24 = {
						CreatedOnToolsVersion = 15.0;
					};
				};
			};
			buildConfigurationList = 313B51BB2CA03A3E00765A24 /* Build configuration list for PBXProject "Cards" */;
			compatibilityVersion = "Xcode 14.0";
			developmentRegion = en;
			hasScannedForEncodings = 0;
			knownRegions = (
				en,
				Base,
			);
			mainGroup = 313B51B72CA03A3E00765A24;
			productRefGroup = 313B51C12CA03A3E00765A24 /* Products */;
			projectDirPath = "";
			projectRoot = "";
			targets = (
				313B51BF2CA03A3E00765A24 /* Cards */,
			);
		};
/* End PBXProject section */

/* Begin PBXResourcesBuildPhase section */
		313B51BE2CA03A3E00765A24 /* Resources */ = {
			isa = PBXResourcesBuildPhase;
			buildActionMask = 2147483647;
			files = (
				313B51D02CA03A4000765A24 /* LaunchScreen.storyboard in Resources */,
				313B51CD2CA03A4000765A24 /* Assets.xcassets in Resources */,
			);
			runOnlyForDeploymentPostprocessing = 0;
		};
/* End PBXResourcesBuildPhase section */

/* Begin PBXShellScriptBuildPhase section */
		43BD0B56CCC4153C132E9039 /* [CP] Embed Pods Frameworks */ = {
			isa = PBXShellScriptBuildPhase;
			buildActionMask = 2147483647;
			files = (
			);
			inputFileListPaths = (
				"${PODS_ROOT}/Target Support Files/Pods-Cards/Pods-Cards-frameworks-${CONFIGURATION}-input-files.xcfilelist",
			);
			name = "[CP] Embed Pods Frameworks";
			outputFileListPaths = (
				"${PODS_ROOT}/Target Support Files/Pods-Cards/Pods-Cards-frameworks-${CONFIGURATION}-output-files.xcfilelist",
			);
			runOnlyForDeploymentPostprocessing = 0;
			shellPath = /bin/sh;
			shellScript = "\"${PODS_ROOT}/Target Support Files/Pods-Cards/Pods-Cards-frameworks.sh\"\n";
			showEnvVarsInLog = 0;
		};
		84F02616E0998DDAD11EDBB9 /* [CP] Check Pods Manifest.lock */ = {
			isa = PBXShellScriptBuildPhase;
			buildActionMask = 2147483647;
			files = (
			);
			inputFileListPaths = (
			);
			inputPaths = (
				"${PODS_PODFILE_DIR_PATH}/Podfile.lock",
				"${PODS_ROOT}/Manifest.lock",
			);
			name = "[CP] Check Pods Manifest.lock";
			outputFileListPaths = (
			);
			outputPaths = (
				"$(DERIVED_FILE_DIR)/Pods-Cards-checkManifestLockResult.txt",
			);
			runOnlyForDeploymentPostprocessing = 0;
			shellPath = /bin/sh;
			shellScript = "diff \"${PODS_PODFILE_DIR_PATH}/Podfile.lock\" \"${PODS_ROOT}/Manifest.lock\" > /dev/null\nif [ $? != 0 ] ; then\n    # print error to STDERR\n    echo \"error: The sandbox is not in sync with the Podfile.lock. Run 'pod install' or update your CocoaPods installation.\" >&2\n    exit 1\nfi\n# This output is used by Xcode 'outputs' to avoid re-running this script phase.\necho \"SUCCESS\" > \"${SCRIPT_OUTPUT_FILE_0}\"\n";
			showEnvVarsInLog = 0;
		};
/* End PBXShellScriptBuildPhase section */

/* Begin PBXSourcesBuildPhase section */
		313B51BC2CA03A3E00765A24 /* Sources */ = {
			isa = PBXSourcesBuildPhase;
			buildActionMask = 2147483647;
			files = (
				31CBF6D22CA0CCC300376D36 /* CardInteractor.swift in Sources */,
				31CBF6D02CA0912900376D36 /* CardModel.swift in Sources */,
				31368A072CA06264007DEDDC /* DetailsViewController.swift in Sources */,
				31B636D32CA06BC1004A760B /* TabController.swift in Sources */,
				314634832CA044F200AA9A80 /* CardLandingPresenter.swift in Sources */,
				31DA9CFA2CA3658600B81139 /* BorderedButton.swift in Sources */,
				31CBF6A22CA0826C00376D36 /* StatementsViewController.swift in Sources */,
				31520F882CA1FE0B008E50E3 /* BaseViewController.swift in Sources */,
				314634812CA044E700AA9A80 /* CardLandingViewController.swift in Sources */,
				31EB14182CA4BA14006DCD86 /* CardDataTableViewCell.swift in Sources */,
				31CBF6A52CA0828400376D36 /* MoreViewController.swift in Sources */,
				313B51C42CA03A3E00765A24 /* AppDelegate.swift in Sources */,
				313B51C62CA03A3E00765A24 /* SceneDelegate.swift in Sources */,
				31520F8D2CA21A5E008E50E3 /* ErrorView.swift in Sources */,
				31520F8B2CA2152E008E50E3 /* LoadingView.swift in Sources */,
				31DA9CFD2CA368C500B81139 /* CardView.swift in Sources */,
				31368A052CA06259007DEDDC /* DetailsPresenter.swift in Sources */,
			);
			runOnlyForDeploymentPostprocessing = 0;
		};
/* End PBXSourcesBuildPhase section */

/* Begin PBXVariantGroup section */
		313B51CE2CA03A4000765A24 /* LaunchScreen.storyboard */ = {
			isa = PBXVariantGroup;
			children = (
				313B51CF2CA03A4000765A24 /* Base */,
			);
			name = LaunchScreen.storyboard;
			sourceTree = "<group>";
		};
/* End PBXVariantGroup section */

/* Begin XCBuildConfiguration section */
		313B51D22CA03A4000765A24 /* Debug */ = {
			isa = XCBuildConfiguration;
			buildSettings = {
				ALWAYS_SEARCH_USER_PATHS = NO;
				ASSETCATALOG_COMPILER_GENERATE_SWIFT_ASSET_SYMBOL_EXTENSIONS = YES;
				CLANG_ANALYZER_NONNULL = YES;
				CLANG_ANALYZER_NUMBER_OBJECT_CONVERSION = YES_AGGRESSIVE;
				CLANG_CXX_LANGUAGE_STANDARD = "gnu++20";
				CLANG_ENABLE_MODULES = YES;
				CLANG_ENABLE_OBJC_ARC = YES;
				CLANG_ENABLE_OBJC_WEAK = YES;
				CLANG_WARN_BLOCK_CAPTURE_AUTORELEASING = YES;
				CLANG_WARN_BOOL_CONVERSION = YES;
				CLANG_WARN_COMMA = YES;
				CLANG_WARN_CONSTANT_CONVERSION = YES;
				CLANG_WARN_DEPRECATED_OBJC_IMPLEMENTATIONS = YES;
				CLANG_WARN_DIRECT_OBJC_ISA_USAGE = YES_ERROR;
				CLANG_WARN_DOCUMENTATION_COMMENTS = YES;
				CLANG_WARN_EMPTY_BODY = YES;
				CLANG_WARN_ENUM_CONVERSION = YES;
				CLANG_WARN_INFINITE_RECURSION = YES;
				CLANG_WARN_INT_CONVERSION = YES;
				CLANG_WARN_NON_LITERAL_NULL_CONVERSION = YES;
				CLANG_WARN_OBJC_IMPLICIT_RETAIN_SELF = YES;
				CLANG_WARN_OBJC_LITERAL_CONVERSION = YES;
				CLANG_WARN_OBJC_ROOT_CLASS = YES_ERROR;
				CLANG_WARN_QUOTED_INCLUDE_IN_FRAMEWORK_HEADER = YES;
				CLANG_WARN_RANGE_LOOP_ANALYSIS = YES;
				CLANG_WARN_STRICT_PROTOTYPES = YES;
				CLANG_WARN_SUSPICIOUS_MOVE = YES;
				CLANG_WARN_UNGUARDED_AVAILABILITY = YES_AGGRESSIVE;
				CLANG_WARN_UNREACHABLE_CODE = YES;
				CLANG_WARN__DUPLICATE_METHOD_MATCH = YES;
				COPY_PHASE_STRIP = NO;
				DEBUG_INFORMATION_FORMAT = dwarf;
				ENABLE_STRICT_OBJC_MSGSEND = YES;
				ENABLE_TESTABILITY = YES;
				ENABLE_USER_SCRIPT_SANDBOXING = NO;
				GCC_C_LANGUAGE_STANDARD = gnu17;
				GCC_DYNAMIC_NO_PIC = NO;
				GCC_NO_COMMON_BLOCKS = YES;
				GCC_OPTIMIZATION_LEVEL = 0;
				GCC_PREPROCESSOR_DEFINITIONS = (
					"DEBUG=1",
					"$(inherited)",
				);
				GCC_WARN_64_TO_32_BIT_CONVERSION = YES;
				GCC_WARN_ABOUT_RETURN_TYPE = YES_ERROR;
				GCC_WARN_UNDECLARED_SELECTOR = YES;
				GCC_WARN_UNINITIALIZED_AUTOS = YES_AGGRESSIVE;
				GCC_WARN_UNUSED_FUNCTION = YES;
				GCC_WARN_UNUSED_VARIABLE = YES;
				IPHONEOS_DEPLOYMENT_TARGET = 17.0;
				LOCALIZATION_PREFERS_STRING_CATALOGS = YES;
				MTL_ENABLE_DEBUG_INFO = INCLUDE_SOURCE;
				MTL_FAST_MATH = YES;
				ONLY_ACTIVE_ARCH = YES;
				SDKROOT = iphoneos;
				SWIFT_ACTIVE_COMPILATION_CONDITIONS = "DEBUG $(inherited)";
				SWIFT_OPTIMIZATION_LEVEL = "-Onone";
			};
			name = Debug;
		};
		313B51D32CA03A4000765A24 /* Release */ = {
			isa = XCBuildConfiguration;
			buildSettings = {
				ALWAYS_SEARCH_USER_PATHS = NO;
				ASSETCATALOG_COMPILER_GENERATE_SWIFT_ASSET_SYMBOL_EXTENSIONS = YES;
				CLANG_ANALYZER_NONNULL = YES;
				CLANG_ANALYZER_NUMBER_OBJECT_CONVERSION = YES_AGGRESSIVE;
				CLANG_CXX_LANGUAGE_STANDARD = "gnu++20";
				CLANG_ENABLE_MODULES = YES;
				CLANG_ENABLE_OBJC_ARC = YES;
				CLANG_ENABLE_OBJC_WEAK = YES;
				CLANG_WARN_BLOCK_CAPTURE_AUTORELEASING = YES;
				CLANG_WARN_BOOL_CONVERSION = YES;
				CLANG_WARN_COMMA = YES;
				CLANG_WARN_CONSTANT_CONVERSION = YES;
				CLANG_WARN_DEPRECATED_OBJC_IMPLEMENTATIONS = YES;
				CLANG_WARN_DIRECT_OBJC_ISA_USAGE = YES_ERROR;
				CLANG_WARN_DOCUMENTATION_COMMENTS = YES;
				CLANG_WARN_EMPTY_BODY = YES;
				CLANG_WARN_ENUM_CONVERSION = YES;
				CLANG_WARN_INFINITE_RECURSION = YES;
				CLANG_WARN_INT_CONVERSION = YES;
				CLANG_WARN_NON_LITERAL_NULL_CONVERSION = YES;
				CLANG_WARN_OBJC_IMPLICIT_RETAIN_SELF = YES;
				CLANG_WARN_OBJC_LITERAL_CONVERSION = YES;
				CLANG_WARN_OBJC_ROOT_CLASS = YES_ERROR;
				CLANG_WARN_QUOTED_INCLUDE_IN_FRAMEWORK_HEADER = YES;
				CLANG_WARN_RANGE_LOOP_ANALYSIS = YES;
				CLANG_WARN_STRICT_PROTOTYPES = YES;
				CLANG_WARN_SUSPICIOUS_MOVE = YES;
				CLANG_WARN_UNGUARDED_AVAILABILITY = YES_AGGRESSIVE;
				CLANG_WARN_UNREACHABLE_CODE = YES;
				CLANG_WARN__DUPLICATE_METHOD_MATCH = YES;
				COPY_PHASE_STRIP = NO;
				DEBUG_INFORMATION_FORMAT = "dwarf-with-dsym";
				ENABLE_NS_ASSERTIONS = NO;
				ENABLE_STRICT_OBJC_MSGSEND = YES;
				ENABLE_USER_SCRIPT_SANDBOXING = NO;
				GCC_C_LANGUAGE_STANDARD = gnu17;
				GCC_NO_COMMON_BLOCKS = YES;
				GCC_WARN_64_TO_32_BIT_CONVERSION = YES;
				GCC_WARN_ABOUT_RETURN_TYPE = YES_ERROR;
				GCC_WARN_UNDECLARED_SELECTOR = YES;
				GCC_WARN_UNINITIALIZED_AUTOS = YES_AGGRESSIVE;
				GCC_WARN_UNUSED_FUNCTION = YES;
				GCC_WARN_UNUSED_VARIABLE = YES;
				IPHONEOS_DEPLOYMENT_TARGET = 17.0;
				LOCALIZATION_PREFERS_STRING_CATALOGS = YES;
				MTL_ENABLE_DEBUG_INFO = NO;
				MTL_FAST_MATH = YES;
				SDKROOT = iphoneos;
				SWIFT_COMPILATION_MODE = wholemodule;
				VALIDATE_PRODUCT = YES;
			};
			name = Release;
		};
		313B51D52CA03A4000765A24 /* Debug */ = {
			isa = XCBuildConfiguration;
			baseConfigurationReference = E9D114B86928FE7DE78CE8AC /* Pods-Cards.debug.xcconfig */;
			buildSettings = {
				ASSETCATALOG_COMPILER_APPICON_NAME = AppIcon;
				ASSETCATALOG_COMPILER_GLOBAL_ACCENT_COLOR_NAME = AccentColor;
				CODE_SIGN_STYLE = Automatic;
				CURRENT_PROJECT_VERSION = 1;
				GENERATE_INFOPLIST_FILE = YES;
				INFOPLIST_FILE = Cards/Info.plist;
				INFOPLIST_KEY_UIApplicationSupportsIndirectInputEvents = YES;
				INFOPLIST_KEY_UILaunchStoryboardName = LaunchScreen;
				INFOPLIST_KEY_UISupportedInterfaceOrientations_iPad = "UIInterfaceOrientationPortrait UIInterfaceOrientationPortraitUpsideDown UIInterfaceOrientationLandscapeLeft UIInterfaceOrientationLandscapeRight";
				INFOPLIST_KEY_UISupportedInterfaceOrientations_iPhone = "UIInterfaceOrientationPortrait UIInterfaceOrientationLandscapeLeft UIInterfaceOrientationLandscapeRight";
				LD_RUNPATH_SEARCH_PATHS = (
					"$(inherited)",
					"@executable_path/Frameworks",
				);
				MARKETING_VERSION = 1.0;
				PRODUCT_BUNDLE_IDENTIFIER = hu.szabee.Cards;
				PRODUCT_NAME = "$(TARGET_NAME)";
				SWIFT_EMIT_LOC_STRINGS = YES;
				SWIFT_VERSION = 5.0;
				TARGETED_DEVICE_FAMILY = "1,2";
			};
			name = Debug;
		};
		313B51D62CA03A4000765A24 /* Release */ = {
			isa = XCBuildConfiguration;
			baseConfigurationReference = 2795CF5A5C99F4F6053D47CD /* Pods-Cards.release.xcconfig */;
			buildSettings = {
				ASSETCATALOG_COMPILER_APPICON_NAME = AppIcon;
				ASSETCATALOG_COMPILER_GLOBAL_ACCENT_COLOR_NAME = AccentColor;
				CODE_SIGN_STYLE = Automatic;
				CURRENT_PROJECT_VERSION = 1;
				GENERATE_INFOPLIST_FILE = YES;
				INFOPLIST_FILE = Cards/Info.plist;
				INFOPLIST_KEY_UIApplicationSupportsIndirectInputEvents = YES;
				INFOPLIST_KEY_UILaunchStoryboardName = LaunchScreen;
				INFOPLIST_KEY_UISupportedInterfaceOrientations_iPad = "UIInterfaceOrientationPortrait UIInterfaceOrientationPortraitUpsideDown UIInterfaceOrientationLandscapeLeft UIInterfaceOrientationLandscapeRight";
				INFOPLIST_KEY_UISupportedInterfaceOrientations_iPhone = "UIInterfaceOrientationPortrait UIInterfaceOrientationLandscapeLeft UIInterfaceOrientationLandscapeRight";
				LD_RUNPATH_SEARCH_PATHS = (
					"$(inherited)",
					"@executable_path/Frameworks",
				);
				MARKETING_VERSION = 1.0;
				PRODUCT_BUNDLE_IDENTIFIER = hu.szabee.Cards;
				PRODUCT_NAME = "$(TARGET_NAME)";
				SWIFT_EMIT_LOC_STRINGS = YES;
				SWIFT_VERSION = 5.0;
				TARGETED_DEVICE_FAMILY = "1,2";
			};
			name = Release;
		};
/* End XCBuildConfiguration section */

/* Begin XCConfigurationList section */
		313B51BB2CA03A3E00765A24 /* Build configuration list for PBXProject "Cards" */ = {
			isa = XCConfigurationList;
			buildConfigurations = (
				313B51D22CA03A4000765A24 /* Debug */,
				313B51D32CA03A4000765A24 /* Release */,
			);
			defaultConfigurationIsVisible = 0;
			defaultConfigurationName = Release;
		};
		313B51D42CA03A4000765A24 /* Build configuration list for PBXNativeTarget "Cards" */ = {
			isa = XCConfigurationList;
			buildConfigurations = (
				313B51D52CA03A4000765A24 /* Debug */,
				313B51D62CA03A4000765A24 /* Release */,
			);
			defaultConfigurationIsVisible = 0;
			defaultConfigurationName = Release;
		};
/* End XCConfigurationList section */
	};
	rootObject = 313B51B82CA03A3E00765A24 /* Project object */;
}
